
Microsoft Visual Studio Solution File, Format Version 11.00
# Visual Studio 2010
Project("{FAE04EC0-301F-11D3-BF4B-00C04F79EFBC}") = "QFGCharacterDecoder", "QFGCharacterDecoder\QFGCharacterDecoder.csproj", "{10A415AB-FA6E-4684-B0DC-5511472EA75E}"
EndProject
Project("{FAE04EC0-301F-11D3-BF4B-00C04F79EFBC}") = "QfgCharacterLibrary", "QfgCharacterLibrary\QfgCharacterLibrary.csproj", "{93036471-F036-44F5-B281-6933E0AC9F22}"
EndProject
Global
	GlobalSection(TeamFoundationVersionControl) = preSolution
		SccNumberOfProjects = 3
		SccEnterpriseProvider = {4CA58AB2-18FA-4F8D-95D4-32DDF27D184C}
		SccTeamFoundationServer = https://tfs.codeplex.com/tfs/tfs29
		SccLocalPath0 = .
		SccProjectUniqueName1 = QFGCharacterDecoder\\QFGCharacterDecoder.csproj
		SccProjectName1 = QFGCharacterDecoder
		SccLocalPath1 = QFGCharacterDecoder
		SccProjectUniqueName2 = QfgCharacterLibrary\\QfgCharacterLibrary.csproj
		SccProjectName2 = QfgCharacterLibrary
		SccLocalPath2 = QfgCharacterLibrary
	EndGlobalSection
	GlobalSection(SolutionConfigurationPlatforms) = preSolution
		Debug|Any CPU = Debug|Any CPU
		Debug|Mixed Platforms = Debug|Mixed Platforms
		Debug|x86 = Debug|x86
		Release|Any CPU = Release|Any CPU
		Release|Mixed Platforms = Release|Mixed Platforms
		Release|x86 = Release|x86
	EndGlobalSection
	GlobalSection(ProjectConfigurationPlatforms) = postSolution
		{10A415AB-FA6E-4684-B0DC-5511472EA75E}.Debug|Any CPU.ActiveCfg = Debug|x86
		{10A415AB-FA6E-4684-B0DC-5511472EA75E}.Debug|Mixed Platforms.ActiveCfg = Debug|x86
		{10A415AB-FA6E-4684-B0DC-5511472EA75E}.Debug|Mixed Platforms.Build.0 = Debug|x86
		{10A415AB-FA6E-4684-B0DC-5511472EA75E}.Debug|x86.ActiveCfg = Debug|x86
		{10A415AB-FA6E-4684-B0DC-5511472EA75E}.Debug|x86.Build.0 = Debug|x86
		{10A415AB-FA6E-4684-B0DC-5511472EA75E}.Release|Any CPU.ActiveCfg = Release|x86
		{10A415AB-FA6E-4684-B0DC-5511472EA75E}.Release|Mixed Platforms.ActiveCfg = Release|x86
		{10A415AB-FA6E-4684-B0DC-5511472EA75E}.Release|Mixed Platforms.Build.0 = Release|x86
		{10A415AB-FA6E-4684-B0DC-5511472EA75E}.Release|x86.ActiveCfg = Release|x86
		{10A415AB-FA6E-4684-B0DC-5511472EA75E}.Release|x86.Build.0 = Release|x86
		{93036471-F036-44F5-B281-6933E0AC9F22}.Debug|Any CPU.ActiveCfg = Debug|Any CPU
		{93036471-F036-44F5-B281-6933E0AC9F22}.Debug|Any CPU.Build.0 = Debug|Any CPU
		{93036471-F036-44F5-B281-6933E0AC9F22}.Debug|Mixed Platforms.ActiveCfg = Debug|Any CPU
		{93036471-F036-44F5-B281-6933E0AC9F22}.Debug|Mixed Platforms.Build.0 = Debug|Any CPU
		{93036471-F036-44F5-B281-6933E0AC9F22}.Debug|x86.ActiveCfg = Debug|Any CPU
		{93036471-F036-44F5-B281-6933E0AC9F22}.Release|Any CPU.ActiveCfg = Release|Any CPU
		{93036471-F036-44F5-B281-6933E0AC9F22}.Release|Any CPU.Build.0 = Release|Any CPU
		{93036471-F036-44F5-B281-6933E0AC9F22}.Release|Mixed Platforms.ActiveCfg = Release|Any CPU
		{93036471-F036-44F5-B281-6933E0AC9F22}.Release|Mixed Platforms.Build.0 = Release|Any CPU
		{93036471-F036-44F5-B281-6933E0AC9F22}.Release|x86.ActiveCfg = Release|Any CPU
	EndGlobalSection
	GlobalSection(SolutionProperties) = preSolution
		HideSolutionNode = FALSE
	EndGlobalSection
EndGlobal
